
Microsoft Visual Studio Solution File, Format Version 12.00
# Visual Studio Version 17
VisualStudioVersion = 17.13.35913.81
MinimumVisualStudioVersion = 10.0.40219.1
Project("{FAE04EC0-301F-11D3-BF4B-00C04F79EFBC}") = "RdpScopeToggler", "RdpScopeToggler.csproj", "{1035DEE5-14E2-4320-A18B-5DA0B58A485F}"
EndProject
Project("{FAE04EC0-301F-11D3-BF4B-00C04F79EFBC}") = "RdpScopeTogglerToastListener", "..\RdpScopeTogglerToastListener\RdpScopeTogglerToastListener.csproj", "{50145482-F8E0-1D9D-5494-7C598E8878C0}"
EndProject
Global
	GlobalSection(SolutionConfigurationPlatforms) = preSolution
		Debug|Any CPU = Debug|Any CPU
		Release|Any CPU = Release|Any CPU
	EndGlobalSection
	GlobalSection(ProjectConfigurationPlatforms) = postSolution
		{1035DEE5-14E2-4320-A18B-5DA0B58A485F}.Debug|Any CPU.ActiveCfg = Debug|Any CPU
		{1035DEE5-14E2-4320-A18B-5DA0B58A485F}.Debug|Any CPU.Build.0 = Debug|Any CPU
		{1035DEE5-14E2-4320-A18B-5DA0B58A485F}.Release|Any CPU.ActiveCfg = Release|Any CPU
		{1035DEE5-14E2-4320-A18B-5DA0B58A485F}.Release|Any CPU.Build.0 = Release|Any CPU
		{50145482-F8E0-1D9D-5494-7C598E8878C0}.Debug|Any CPU.ActiveCfg = Debug|Any CPU
		{50145482-F8E0-1D9D-5494-7C598E8878C0}.Debug|Any CPU.Build.0 = Debug|Any CPU
		{50145482-F8E0-1D9D-5494-7C598E8878C0}.Release|Any CPU.ActiveCfg = Release|Any CPU
		{50145482-F8E0-1D9D-5494-7C598E8878C0}.Release|Any CPU.Build.0 = Release|Any CPU
	EndGlobalSection
	GlobalSection(SolutionProperties) = preSolution
		HideSolutionNode = FALSE
	EndGlobalSection
	GlobalSection(ExtensibilityGlobals) = postSolution
		SolutionGuid = {620B5093-74C4-4DAA-B022-8937E69E2780}
	EndGlobalSection
EndGlobal
